
Microsoft Visual Studio Solution File, Format Version 12.00
# Visual Studio Version 16
VisualStudioVersion = 16.0.30804.86
MinimumVisualStudioVersion = 10.0.40219.1
Project("{151D2E53-A2C4-4D7D-83FE-D05416EBD58E}") = "DSServiceBus", "DSServiceBus.deployproj", "{BF91697F-5BDC-490B-93E5-2F1715135CC6}"
EndProject
Project("{151D2E53-A2C4-4D7D-83FE-D05416EBD58E}") = "DSServiceBus2", "..\DSServiceBus2\DSServiceBus2.deployproj", "{76F5AC45-AC2C-4A03-9DBA-7B85637B540F}"
EndProject
Global
	GlobalSection(SolutionConfigurationPlatforms) = preSolution
		Debug|Any CPU = Debug|Any CPU
		Release|Any CPU = Release|Any CPU
	EndGlobalSection
	GlobalSection(ProjectConfigurationPlatforms) = postSolution
		{BF91697F-5BDC-490B-93E5-2F1715135CC6}.Debug|Any CPU.ActiveCfg = Debug|Any CPU
		{BF91697F-5BDC-490B-93E5-2F1715135CC6}.Debug|Any CPU.Build.0 = Debug|Any CPU
		{BF91697F-5BDC-490B-93E5-2F1715135CC6}.Release|Any CPU.ActiveCfg = Release|Any CPU
		{BF91697F-5BDC-490B-93E5-2F1715135CC6}.Release|Any CPU.Build.0 = Release|Any CPU
		{76F5AC45-AC2C-4A03-9DBA-7B85637B540F}.Debug|Any CPU.ActiveCfg = Debug|Any CPU
		{76F5AC45-AC2C-4A03-9DBA-7B85637B540F}.Debug|Any CPU.Build.0 = Debug|Any CPU
		{76F5AC45-AC2C-4A03-9DBA-7B85637B540F}.Release|Any CPU.ActiveCfg = Release|Any CPU
		{76F5AC45-AC2C-4A03-9DBA-7B85637B540F}.Release|Any CPU.Build.0 = Release|Any CPU
	EndGlobalSection
	GlobalSection(SolutionProperties) = preSolution
		HideSolutionNode = FALSE
	EndGlobalSection
	GlobalSection(ExtensibilityGlobals) = postSolution
		SolutionGuid = {B2E11F62-8B4C-4B09-9628-3A7CFBB9CB59}
	EndGlobalSection
EndGlobal
